// !$*UTF8*$!
{
	archiveVersion = 1;
	classes = {
	};
	objectVersion = 50;
	objects = {

/* Begin PBXBuildFile section */
		C81B34AA3116764CD8A4B529 /* libPods-Texas Time.a in Frameworks */ = {isa = PBXBuildFile; fileRef = 805CC22677F142939BC76CF8 /* libPods-Texas Time.a */; };
		D70A611621ACEDB70009D792 /* AppDelegate.swift in Sources */ = {isa = PBXBuildFile; fileRef = D70A611521ACEDB70009D792 /* AppDelegate.swift */; };
		D70A611821ACEDB70009D792 /* ViewController.swift in Sources */ = {isa = PBXBuildFile; fileRef = D70A611721ACEDB70009D792 /* ViewController.swift */; };
		D70A611B21ACEDB70009D792 /* Main.storyboard in Resources */ = {isa = PBXBuildFile; fileRef = D70A611921ACEDB70009D792 /* Main.storyboard */; };
		D70A611D21ACEDB80009D792 /* Assets.xcassets in Resources */ = {isa = PBXBuildFile; fileRef = D70A611C21ACEDB80009D792 /* Assets.xcassets */; };
		D70A612021ACEDB80009D792 /* LaunchScreen.storyboard in Resources */ = {isa = PBXBuildFile; fileRef = D70A611E21ACEDB80009D792 /* LaunchScreen.storyboard */; };
/* End PBXBuildFile section */

/* Begin PBXFileReference section */
		805CC22677F142939BC76CF8 /* libPods-Texas Time.a */ = {isa = PBXFileReference; explicitFileType = archive.ar; includeInIndex = 0; path = "libPods-Texas Time.a"; sourceTree = BUILT_PRODUCTS_DIR; };
		B16B654A5DCB8F9FA3998DD8 /* Pods-Texas Time.release.xcconfig */ = {isa = PBXFileReference; includeInIndex = 1; lastKnownFileType = text.xcconfig; name = "Pods-Texas Time.release.xcconfig"; path = "Pods/Target Support Files/Pods-Texas Time/Pods-Texas Time.release.xcconfig"; sourceTree = "<group>"; };
		D70A611221ACEDB70009D792 /* Texas Time.app */ = {isa = PBXFileReference; explicitFileType = wrapper.application; includeInIndex = 0; path = "Texas Time.app"; sourceTree = BUILT_PRODUCTS_DIR; };
		D70A611521ACEDB70009D792 /* AppDelegate.swift */ = {isa = PBXFileReference; lastKnownFileType = sourcecode.swift; path = AppDelegate.swift; sourceTree = "<group>"; };
		D70A611721ACEDB70009D792 /* ViewController.swift */ = {isa = PBXFileReference; lastKnownFileType = sourcecode.swift; path = ViewController.swift; sourceTree = "<group>"; };
		D70A611A21ACEDB70009D792 /* Base */ = {isa = PBXFileReference; lastKnownFileType = file.storyboard; name = Base; path = Base.lproj/Main.storyboard; sourceTree = "<group>"; };
		D70A611C21ACEDB80009D792 /* Assets.xcassets */ = {isa = PBXFileReference; lastKnownFileType = folder.assetcatalog; path = Assets.xcassets; sourceTree = "<group>"; };
		D70A611F21ACEDB80009D792 /* Base */ = {isa = PBXFileReference; lastKnownFileType = file.storyboard; name = Base; path = Base.lproj/LaunchScreen.storyboard; sourceTree = "<group>"; };
		D70A612121ACEDB80009D792 /* Info.plist */ = {isa = PBXFileReference; lastKnownFileType = text.plist.xml; path = Info.plist; sourceTree = "<group>"; };
		FC6FD79E419CCEB9764C7B02 /* Pods-Texas Time.debug.xcconfig */ = {isa = PBXFileReference; includeInIndex = 1; lastKnownFileType = text.xcconfig; name = "Pods-Texas Time.debug.xcconfig"; path = "Pods/Target Support Files/Pods-Texas Time/Pods-Texas Time.debug.xcconfig"; sourceTree = "<group>"; };
/* End PBXFileReference section */

/* Begin PBXFrameworksBuildPhase section */
		D70A610F21ACEDB70009D792 /* Frameworks */ = {
			isa = PBXFrameworksBuildPhase;
			buildActionMask = 2147483647;
			files = (
				C81B34AA3116764CD8A4B529 /* libPods-Texas Time.a in Frameworks */,
			);
			runOnlyForDeploymentPostprocessing = 0;
		};
/* End PBXFrameworksBuildPhase section */

/* Begin PBXGroup section */
		25B0973E705C99156B812539 /* Frameworks */ = {
			isa = PBXGroup;
			children = (
				805CC22677F142939BC76CF8 /* libPods-Texas Time.a */,
			);
			name = Frameworks;
			sourceTree = "<group>";
		};
		748AE36E1773FABC24548629 /* Pods */ = {
			isa = PBXGroup;
			children = (
				FC6FD79E419CCEB9764C7B02 /* Pods-Texas Time.debug.xcconfig */,
				B16B654A5DCB8F9FA3998DD8 /* Pods-Texas Time.release.xcconfig */,
			);
			name = Pods;
			sourceTree = "<group>";
		};
		D70A610921ACEDB70009D792 = {
			isa = PBXGroup;
			children = (
				D70A611421ACEDB70009D792 /* Texas Time */,
				D70A611321ACEDB70009D792 /* Products */,
				748AE36E1773FABC24548629 /* Pods */,
				25B0973E705C99156B812539 /* Frameworks */,
			);
			sourceTree = "<group>";
		};
		D70A611321ACEDB70009D792 /* Products */ = {
			isa = PBXGroup;
			children = (
				D70A611221ACEDB70009D792 /* Texas Time.app */,
			);
			name = Products;
			sourceTree = "<group>";
		};
		D70A611421ACEDB70009D792 /* Texas Time */ = {
			isa = PBXGroup;
			children = (
				D70A611521ACEDB70009D792 /* AppDelegate.swift */,
				D70A611721ACEDB70009D792 /* ViewController.swift */,
				D70A611921ACEDB70009D792 /* Main.storyboard */,
				D70A611C21ACEDB80009D792 /* Assets.xcassets */,
				D70A611E21ACEDB80009D792 /* LaunchScreen.storyboard */,
				D70A612121ACEDB80009D792 /* Info.plist */,
			);
			path = "Texas Time";
			sourceTree = "<group>";
		};
/* End PBXGroup section */

/* Begin PBXNativeTarget section */
		D70A611121ACEDB70009D792 /* Texas Time */ = {
			isa = PBXNativeTarget;
			buildConfigurationList = D70A612421ACEDB80009D792 /* Build configuration list for PBXNativeTarget "Texas Time" */;
			buildPhases = (
				B8BDC60DCE1D58D0EAE9209B /* [CP] Check Pods Manifest.lock */,
				D70A610E21ACEDB70009D792 /* Sources */,
				D70A610F21ACEDB70009D792 /* Frameworks */,
				D70A611021ACEDB70009D792 /* Resources */,
			);
			buildRules = (
			);
			dependencies = (
			);
			name = "Texas Time";
			productName = "Texas Time";
			productReference = D70A611221ACEDB70009D792 /* Texas Time.app */;
			productType = "com.apple.product-type.application";
		};
/* End PBXNativeTarget section */

/* Begin PBXProject section */
		D70A610A21ACEDB70009D792 /* Project object */ = {
			isa = PBXProject;
			attributes = {
				LastSwiftUpdateCheck = 1010;
				LastUpgradeCheck = 1010;
				ORGANIZATIONNAME = "Jonathan Kizer";
				TargetAttributes = {
					D70A611121ACEDB70009D792 = {
						CreatedOnToolsVersion = 10.1;
					};
				};
			};
			buildConfigurationList = D70A610D21ACEDB70009D792 /* Build configuration list for PBXProject "Texas Time" */;
			compatibilityVersion = "Xcode 9.3";
			developmentRegion = en;
			hasScannedForEncodings = 0;
			knownRegions = (
				en,
				Base,
			);
			mainGroup = D70A610921ACEDB70009D792;
			productRefGroup = D70A611321ACEDB70009D792 /* Products */;
			projectDirPath = "";
			projectRoot = "";
			targets = (
				D70A611121ACEDB70009D792 /* Texas Time */,
			);
		};
/* End PBXProject section */

/* Begin PBXResourcesBuildPhase section */
		D70A611021ACEDB70009D792 /* Resources */ = {
			isa = PBXResourcesBuildPhase;
			buildActionMask = 2147483647;
			files = (
				D70A612021ACEDB80009D792 /* LaunchScreen.storyboard in Resources */,
				D70A611D21ACEDB80009D792 /* Assets.xcassets in Resources */,
				D70A611B21ACEDB70009D792 /* Main.storyboard in Resources */,
			);
			runOnlyForDeploymentPostprocessing = 0;
		};
/* End PBXResourcesBuildPhase section */

/* Begin PBXShellScriptBuildPhase section */
		B8BDC60DCE1D58D0EAE9209B /* [CP] Check Pods Manifest.lock */ = {
			isa = PBXShellScriptBuildPhase;
			buildActionMask = 2147483647;
			files = (
			);
			inputFileListPaths = (
			);
			inputPaths = (
				"${PODS_PODFILE_DIR_PATH}/Podfile.lock",
				"${PODS_ROOT}/Manifest.lock",
			);
			name = "[CP] Check Pods Manifest.lock";
			outputFileListPaths = (
			);
			outputPaths = (
				"$(DERIVED_FILE_DIR)/Pods-Texas Time-checkManifestLockResult.txt",
			);
			runOnlyForDeploymentPostprocessing = 0;
			shellPath = /bin/sh;
			shellScript = "diff \"${PODS_PODFILE_DIR_PATH}/Podfile.lock\" \"${PODS_ROOT}/Manifest.lock\" > /dev/null\nif [ $? != 0 ] ; then\n    # print error to STDERR\n    echo \"error: The sandbox is not in sync with the Podfile.lock. Run 'pod install' or update your CocoaPods installation.\" >&2\n    exit 1\nfi\n# This output is used by Xcode 'outputs' to avoid re-running this script phase.\necho \"SUCCESS\" > \"${SCRIPT_OUTPUT_FILE_0}\"\n";
			showEnvVarsInLog = 0;
		};
/* End PBXShellScriptBuildPhase section */

/* Begin PBXSourcesBuildPhase section */
		D70A610E21ACEDB70009D792 /* Sources */ = {
			isa = PBXSourcesBuildPhase;
			buildActionMask = 2147483647;
			files = (
				D70A611821ACEDB70009D792 /* ViewController.swift in Sources */,
				D70A611621ACEDB70009D792 /* AppDelegate.swift in Sources */,
			);
			runOnlyForDeploymentPostprocessing = 0;
		};
/* End PBXSourcesBuildPhase section */

/* Begin PBXVariantGroup section */
		D70A611921ACEDB70009D792 /* Main.storyboard */ = {
			isa = PBXVariantGroup;
			children = (
				D70A611A21ACEDB70009D792 /* Base */,
			);
			name = Main.storyboard;
			sourceTree = "<group>";
		};
		D70A611E21ACEDB80009D792 /* LaunchScreen.storyboard */ = {
			isa = PBXVariantGroup;
			children = (
				D70A611F21ACEDB80009D792 /* Base */,
			);
			name = LaunchScreen.storyboard;
			sourceTree = "<group>";
		};
/* End PBXVariantGroup section */

/* Begin XCBuildConfiguration section */
		D70A612221ACEDB80009D792 /* Debug */ = {
			isa = XCBuildConfiguration;
			buildSettings = {
				ALWAYS_SEARCH_USER_PATHS = NO;
				CLANG_ANALYZER_NONNULL = YES;
				CLANG_ANALYZER_NUMBER_OBJECT_CONVERSION = YES_AGGRESSIVE;
				CLANG_CXX_LANGUAGE_STANDARD = "gnu++14";
				CLANG_CXX_LIBRARY = "libc++";
				CLANG_ENABLE_MODULES = YES;
				CLANG_ENABLE_OBJC_ARC = YES;
				CLANG_ENABLE_OBJC_WEAK = YES;
				CLANG_WARN_BLOCK_CAPTURE_AUTORELEASING = YES;
				CLANG_WARN_BOOL_CONVERSION = YES;
				CLANG_WARN_COMMA = YES;
				CLANG_WARN_CONSTANT_CONVERSION = YES;
				CLANG_WARN_DEPRECATED_OBJC_IMPLEMENTATIONS = YES;
				CLANG_WARN_DIRECT_OBJC_ISA_USAGE = YES_ERROR;
				CLANG_WARN_DOCUMENTATION_COMMENTS = YES;
				CLANG_WARN_EMPTY_BODY = YES;
				CLANG_WARN_ENUM_CONVERSION = YES;
				CLANG_WARN_INFINITE_RECURSION = YES;
				CLANG_WARN_INT_CONVERSION = YES;
				CLANG_WARN_NON_LITERAL_NULL_CONVERSION = YES;
				CLANG_WARN_OBJC_IMPLICIT_RETAIN_SELF = YES;
				CLANG_WARN_OBJC_LITERAL_CONVERSION = YES;
				CLANG_WARN_OBJC_ROOT_CLASS = YES_ERROR;
				CLANG_WARN_RANGE_LOOP_ANALYSIS = YES;
				CLANG_WARN_STRICT_PROTOTYPES = YES;
				CLANG_WARN_SUSPICIOUS_MOVE = YES;
				CLANG_WARN_UNGUARDED_AVAILABILITY = YES_AGGRESSIVE;
				CLANG_WARN_UNREACHABLE_CODE = YES;
				CLANG_WARN__DUPLICATE_METHOD_MATCH = YES;
				CODE_SIGN_IDENTITY = "iPhone Developer";
				COPY_PHASE_STRIP = NO;
				DEBUG_INFORMATION_FORMAT = dwarf;
				ENABLE_STRICT_OBJC_MSGSEND = YES;
				ENABLE_TESTABILITY = YES;
				GCC_C_LANGUAGE_STANDARD = gnu11;
				GCC_DYNAMIC_NO_PIC = NO;
				GCC_NO_COMMON_BLOCKS = YES;
				GCC_OPTIMIZATION_LEVEL = 0;
				GCC_PREPROCESSOR_DEFINITIONS = (
					"DEBUG=1",
					"$(inherited)",
				);
				GCC_WARN_64_TO_32_BIT_CONVERSION = YES;
				GCC_WARN_ABOUT_RETURN_TYPE = YES_ERROR;
				GCC_WARN_UNDECLARED_SELECTOR = YES;
				GCC_WARN_UNINITIALIZED_AUTOS = YES_AGGRESSIVE;
				GCC_WARN_UNUSED_FUNCTION = YES;
				GCC_WARN_UNUSED_VARIABLE = YES;
				IPHONEOS_DEPLOYMENT_TARGET = 12.1;
				MTL_ENABLE_DEBUG_INFO = INCLUDE_SOURCE;
				MTL_FAST_MATH = YES;
				ONLY_ACTIVE_ARCH = YES;
				SDKROOT = iphoneos;
				SWIFT_ACTIVE_COMPILATION_CONDITIONS = DEBUG;
				SWIFT_OPTIMIZATION_LEVEL = "-Onone";
			};
			name = Debug;
		};
		D70A612321ACEDB80009D792 /* Release */ = {
			isa = XCBuildConfiguration;
			buildSettings = {
				ALWAYS_SEARCH_USER_PATHS = NO;
				CLANG_ANALYZER_NONNULL = YES;
				CLANG_ANALYZER_NUMBER_OBJECT_CONVERSION = YES_AGGRESSIVE;
				CLANG_CXX_LANGUAGE_STANDARD = "gnu++14";
				CLANG_CXX_LIBRARY = "libc++";
				CLANG_ENABLE_MODULES = YES;
				CLANG_ENABLE_OBJC_ARC = YES;
				CLANG_ENABLE_OBJC_WEAK = YES;
				CLANG_WARN_BLOCK_CAPTURE_AUTORELEASING = YES;
				CLANG_WARN_BOOL_CONVERSION = YES;
				CLANG_WARN_COMMA = YES;
				CLANG_WARN_CONSTANT_CONVERSION = YES;
				CLANG_WARN_DEPRECATED_OBJC_IMPLEMENTATIONS = YES;
				CLANG_WARN_DIRECT_OBJC_ISA_USAGE = YES_ERROR;
				CLANG_WARN_DOCUMENTATION_COMMENTS = YES;
				CLANG_WARN_EMPTY_BODY = YES;
				CLANG_WARN_ENUM_CONVERSION = YES;
				CLANG_WARN_INFINITE_RECURSION = YES;
				CLANG_WARN_INT_CONVERSION = YES;
				CLANG_WARN_NON_LITERAL_NULL_CONVERSION = YES;
				CLANG_WARN_OBJC_IMPLICIT_RETAIN_SELF = YES;
				CLANG_WARN_OBJC_LITERAL_CONVERSION = YES;
				CLANG_WARN_OBJC_ROOT_CLASS = YES_ERROR;
				CLANG_WARN_RANGE_LOOP_ANALYSIS = YES;
				CLANG_WARN_STRICT_PROTOTYPES = YES;
				CLANG_WARN_SUSPICIOUS_MOVE = YES;
				CLANG_WARN_UNGUARDED_AVAILABILITY = YES_AGGRESSIVE;
				CLANG_WARN_UNREACHABLE_CODE = YES;
				CLANG_WARN__DUPLICATE_METHOD_MATCH = YES;
				CODE_SIGN_IDENTITY = "iPhone Developer";
				COPY_PHASE_STRIP = NO;
				DEBUG_INFORMATION_FORMAT = "dwarf-with-dsym";
				ENABLE_NS_ASSERTIONS = NO;
				ENABLE_STRICT_OBJC_MSGSEND = YES;
				GCC_C_LANGUAGE_STANDARD = gnu11;
				GCC_NO_COMMON_BLOCKS = YES;
				GCC_WARN_64_TO_32_BIT_CONVERSION = YES;
				GCC_WARN_ABOUT_RETURN_TYPE = YES_ERROR;
				GCC_WARN_UNDECLARED_SELECTOR = YES;
				GCC_WARN_UNINITIALIZED_AUTOS = YES_AGGRESSIVE;
				GCC_WARN_UNUSED_FUNCTION = YES;
				GCC_WARN_UNUSED_VARIABLE = YES;
				IPHONEOS_DEPLOYMENT_TARGET = 12.1;
				MTL_ENABLE_DEBUG_INFO = NO;
				MTL_FAST_MATH = YES;
				SDKROOT = iphoneos;
				SWIFT_COMPILATION_MODE = wholemodule;
				SWIFT_OPTIMIZATION_LEVEL = "-O";
				VALIDATE_PRODUCT = YES;
			};
			name = Release;
		};
		D70A612521ACEDB80009D792 /* Debug */ = {
			isa = XCBuildConfiguration;
			baseConfigurationReference = FC6FD79E419CCEB9764C7B02 /* Pods-Texas Time.debug.xcconfig */;
			buildSettings = {
				ASSETCATALOG_COMPILER_APPICON_NAME = AppIcon;
				CODE_SIGN_STYLE = Automatic;
				DEVELOPMENT_TEAM = 8QDNBA629H;
				INFOPLIST_FILE = "Texas Time/Info.plist";
				LD_RUNPATH_SEARCH_PATHS = (
					"$(inherited)",
					"@executable_path/Frameworks",
				);
				PRODUCT_BUNDLE_IDENTIFIER = com.kizer.texastime;
				PRODUCT_NAME = "$(TARGET_NAME)";
				SWIFT_VERSION = 4.2;
				TARGETED_DEVICE_FAMILY = "1,2";
			};
			name = Debug;
		};
		D70A612621ACEDB80009D792 /* Release */ = {
			isa = XCBuildConfiguration;
			baseConfigurationReference = B16B654A5DCB8F9FA3998DD8 /* Pods-Texas Time.release.xcconfig */;
			buildSettings = {
				ASSETCATALOG_COMPILER_APPICON_NAME = AppIcon;
				CODE_SIGN_STYLE = Automatic;
				DEVELOPMENT_TEAM = 8QDNBA629H;
				INFOPLIST_FILE = "Texas Time/Info.plist";
				LD_RUNPATH_SEARCH_PATHS = (
					"$(inherited)",
					"@executable_path/Frameworks",
				);
				PRODUCT_BUNDLE_IDENTIFIER = com.kizer.texastime;
				PRODUCT_NAME = "$(TARGET_NAME)";
				SWIFT_VERSION = 4.2;
				TARGETED_DEVICE_FAMILY = "1,2";
			};
			name = Release;
		};
/* End XCBuildConfiguration section */

/* Begin XCConfigurationList section */
		D70A610D21ACEDB70009D792 /* Build configuration list for PBXProject "Texas Time" */ = {
			isa = XCConfigurationList;
			buildConfigurations = (
				D70A612221ACEDB80009D792 /* Debug */,
				D70A612321ACEDB80009D792 /* Release */,
			);
			defaultConfigurationIsVisible = 0;
			defaultConfigurationName = Release;
		};
		D70A612421ACEDB80009D792 /* Build configuration list for PBXNativeTarget "Texas Time" */ = {
			isa = XCConfigurationList;
			buildConfigurations = (
				D70A612521ACEDB80009D792 /* Debug */,
				D70A612621ACEDB80009D792 /* Release */,
			);
			defaultConfigurationIsVisible = 0;
			defaultConfigurationName = Release;
		};
/* End XCConfigurationList section */
	};
	rootObject = D70A610A21ACEDB70009D792 /* Project object */;
}
